
Microsoft Visual Studio Solution File, Format Version 12.00
# Visual Studio 15
VisualStudioVersion = 15.0.28010.2036
MinimumVisualStudioVersion = 10.0.40219.1
Project("{2150E333-8FDC-42A3-9474-1A3956D46DE8}") = "WebApi", "WebApi", "{39F1808A-B7BF-422E-A388-8AE84F495099}"
EndProject
Project("{9A19103F-16F7-4668-BE54-9A1E7A4F7556}") = "WebAPIOne", "WebApi\WebAPIOne\WebAPIOne.csproj", "{E64F03DC-9629-4314-AA7C-9FF641853F67}"
EndProject
Project("{2150E333-8FDC-42A3-9474-1A3956D46DE8}") = "GraphQL", "GraphQL", "{F1562967-7E93-49BA-B60B-11EECC2BB2AE}"
EndProject
Project("{9A19103F-16F7-4668-BE54-9A1E7A4F7556}") = "Chapter1", "GraphQL\Chapter1\Chapter1.csproj", "{6C680B76-AE37-4010-9448-29B4FB043A33}"
EndProject
Project("{9A19103F-16F7-4668-BE54-9A1E7A4F7556}") = "ExecutionClient", "ExecutionClient\ExecutionClient.csproj", "{778B0736-DE8A-40E3-AC9F-4925B558ABD5}"
EndProject
Project("{9A19103F-16F7-4668-BE54-9A1E7A4F7556}") = "DebugSourceLink", "DebugSourceLink\DebugSourceLink.csproj", "{51FE984E-6C18-42E6-8C2C-A9B8653DEE38}"
EndProject
Project("{9A19103F-16F7-4668-BE54-9A1E7A4F7556}") = "UtilityLibrary", "UtilityLibrary\UtilityLibrary.csproj", "{18D15381-7B66-431B-B3F7-6F5A5B50319E}"
EndProject
Project("{FAE04EC0-301F-11D3-BF4B-00C04F79EFBC}") = "SimpleDemo01", "WebApi\SimpleDemo01\SimpleDemo01.csproj", "{5E361B85-2ADA-4FFC-B47A-23101A6AF73B}"
EndProject
Global
	GlobalSection(SolutionConfigurationPlatforms) = preSolution
		Debug|Any CPU = Debug|Any CPU
		Release|Any CPU = Release|Any CPU
	EndGlobalSection
	GlobalSection(ProjectConfigurationPlatforms) = postSolution
		{E64F03DC-9629-4314-AA7C-9FF641853F67}.Debug|Any CPU.ActiveCfg = Debug|Any CPU
		{E64F03DC-9629-4314-AA7C-9FF641853F67}.Debug|Any CPU.Build.0 = Debug|Any CPU
		{E64F03DC-9629-4314-AA7C-9FF641853F67}.Release|Any CPU.ActiveCfg = Release|Any CPU
		{E64F03DC-9629-4314-AA7C-9FF641853F67}.Release|Any CPU.Build.0 = Release|Any CPU
		{6C680B76-AE37-4010-9448-29B4FB043A33}.Debug|Any CPU.ActiveCfg = Debug|Any CPU
		{6C680B76-AE37-4010-9448-29B4FB043A33}.Debug|Any CPU.Build.0 = Debug|Any CPU
		{6C680B76-AE37-4010-9448-29B4FB043A33}.Release|Any CPU.ActiveCfg = Release|Any CPU
		{6C680B76-AE37-4010-9448-29B4FB043A33}.Release|Any CPU.Build.0 = Release|Any CPU
		{778B0736-DE8A-40E3-AC9F-4925B558ABD5}.Debug|Any CPU.ActiveCfg = Debug|Any CPU
		{778B0736-DE8A-40E3-AC9F-4925B558ABD5}.Debug|Any CPU.Build.0 = Debug|Any CPU
		{778B0736-DE8A-40E3-AC9F-4925B558ABD5}.Release|Any CPU.ActiveCfg = Release|Any CPU
		{778B0736-DE8A-40E3-AC9F-4925B558ABD5}.Release|Any CPU.Build.0 = Release|Any CPU
		{51FE984E-6C18-42E6-8C2C-A9B8653DEE38}.Debug|Any CPU.ActiveCfg = Debug|Any CPU
		{51FE984E-6C18-42E6-8C2C-A9B8653DEE38}.Debug|Any CPU.Build.0 = Debug|Any CPU
		{51FE984E-6C18-42E6-8C2C-A9B8653DEE38}.Release|Any CPU.ActiveCfg = Release|Any CPU
		{51FE984E-6C18-42E6-8C2C-A9B8653DEE38}.Release|Any CPU.Build.0 = Release|Any CPU
		{18D15381-7B66-431B-B3F7-6F5A5B50319E}.Debug|Any CPU.ActiveCfg = Debug|Any CPU
		{18D15381-7B66-431B-B3F7-6F5A5B50319E}.Debug|Any CPU.Build.0 = Debug|Any CPU
		{18D15381-7B66-431B-B3F7-6F5A5B50319E}.Release|Any CPU.ActiveCfg = Release|Any CPU
		{18D15381-7B66-431B-B3F7-6F5A5B50319E}.Release|Any CPU.Build.0 = Release|Any CPU
		{5E361B85-2ADA-4FFC-B47A-23101A6AF73B}.Debug|Any CPU.ActiveCfg = Debug|Any CPU
		{5E361B85-2ADA-4FFC-B47A-23101A6AF73B}.Debug|Any CPU.Build.0 = Debug|Any CPU
		{5E361B85-2ADA-4FFC-B47A-23101A6AF73B}.Release|Any CPU.ActiveCfg = Release|Any CPU
		{5E361B85-2ADA-4FFC-B47A-23101A6AF73B}.Release|Any CPU.Build.0 = Release|Any CPU
	EndGlobalSection
	GlobalSection(SolutionProperties) = preSolution
		HideSolutionNode = FALSE
	EndGlobalSection
	GlobalSection(NestedProjects) = preSolution
		{E64F03DC-9629-4314-AA7C-9FF641853F67} = {39F1808A-B7BF-422E-A388-8AE84F495099}
		{6C680B76-AE37-4010-9448-29B4FB043A33} = {F1562967-7E93-49BA-B60B-11EECC2BB2AE}
		{5E361B85-2ADA-4FFC-B47A-23101A6AF73B} = {39F1808A-B7BF-422E-A388-8AE84F495099}
	EndGlobalSection
	GlobalSection(ExtensibilityGlobals) = postSolution
		SolutionGuid = {3FAE2484-86D9-4017-BE7E-51320E30C3FB}
	EndGlobalSection
EndGlobal
